{
  "name": "todo-fix-tip",
  "version": "1.2.2",
  "lockfileVersion": 1,
  "requires": true,
  "dependencies": {
    "arr-diff": {
      "version": "4.0.0",
      "resolved": "https://registry.npm.taobao.org/arr-diff/download/arr-diff-4.0.0.tgz"
    },
    "assign-symbols": {
      "version": "1.0.0",
      "resolved": "https://registry.npm.taobao.org/assign-symbols/download/assign-symbols-1.0.0.tgz"
    },
    "atob": {
      "version": "2.1.2",
      "resolved": "https://registry.npm.taobao.org/atob/download/atob-2.1.2.tgz"
    },
    "base": {
      "version": "0.11.2",
      "resolved": "https://registry.npm.taobao.org/base/download/base-0.11.2.tgz",
      "requires": {
        "define-property": "^1.0.0",
        "isobject": "^3.0.1"
      },
      "dependencies": {
        "cache-base": {
          "version": "https://registry.npm.taobao.org/cache-base/download/cache-base-1.0.1.tgz",
          "bundled": true
        },
        "class-utils": {
          "version": "https://registry.npm.taobao.org/class-utils/download/class-utils-0.3.6.tgz",
          "bundled": true
        },
        "component-emitter": {
          "version": "https://registry.npm.taobao.org/component-emitter/download/component-emitter-1.3.0.tgz",
          "bundled": true
        },
        "define-property": {
          "version": "1.0.0",
          "resolved": "https://registry.npmjs.org/define-property/-/define-property-1.0.0.tgz",
          "integrity": "sha1-dp66rz9KY6rTr56NMEybvnm/sOY=",
          "requires": {
            "is-descriptor": "^1.0.0"
          }
        },
        "isobject": {
          "version": "https://registry.npm.taobao.org/isobject/download/isobject-3.0.1.tgz",
          "bundled": true
        },
        "mixin-deep": {
          "version": "https://registry.npm.taobao.org/mixin-deep/download/mixin-deep-1.3.2.tgz",
          "bundled": true
        },
        "pascalcase": {
          "version": "https://registry.npm.taobao.org/pascalcase/download/pascalcase-0.1.1.tgz",
          "bundled": true
        }
      }
    },
    "braces": {
      "version": "2.3.2",
      "resolved": "https://registry.npm.taobao.org/braces/download/braces-2.3.2.tgz",
      "requires": {
        "extend-shallow": "^2.0.1",
        "isobject": "^3.0.1",
        "to-regex": "^3.0.1"
      },
      "dependencies": {
        "arr-flatten": {
          "version": "https://registry.npm.taobao.org/arr-flatten/download/arr-flatten-1.1.0.tgz",
          "bundled": true
        },
        "array-unique": {
          "version": "https://registry.npm.taobao.org/array-unique/download/array-unique-0.3.2.tgz",
          "bundled": true
        },
        "extend-shallow": {
          "version": "2.0.1",
          "resolved": "https://registry.npmjs.org/extend-shallow/-/extend-shallow-2.0.1.tgz",
          "integrity": "sha1-Ua99YUrZqfYQ6huvu5idaxxWiQ8=",
          "requires": {
            "is-extendable": "^0.1.0"
          }
        },
        "fill-range": {
          "version": "https://registry.npm.taobao.org/fill-range/download/fill-range-4.0.0.tgz",
          "bundled": true
        },
        "is-extendable": {
          "version": "0.1.1",
          "resolved": "https://registry.npmjs.org/is-extendable/-/is-extendable-0.1.1.tgz",
          "integrity": "sha1-YrEQ4omkcUGOPsNqYX1HLjAd/Ik="
        },
        "isobject": {
          "version": "https://registry.npm.taobao.org/isobject/download/isobject-3.0.1.tgz",
          "bundled": true
        },
        "repeat-element": {
          "version": "https://registry.npm.taobao.org/repeat-element/download/repeat-element-1.1.3.tgz",
          "bundled": true
        },
        "snapdragon": {
          "version": "https://registry.npm.taobao.org/snapdragon/download/snapdragon-0.8.2.tgz",
          "bundled": true
        },
        "snapdragon-node": {
          "version": "https://registry.npm.taobao.org/snapdragon-node/download/snapdragon-node-2.1.1.tgz",
          "bundled": true
        },
        "split-string": {
          "version": "https://registry.npm.taobao.org/split-string/download/split-string-3.1.0.tgz",
          "bundled": true,
          "dependencies": {
            "extend-shallow": {
              "version": "https://registry.npm.taobao.org/extend-shallow/download/extend-shallow-3.0.2.tgz"
            }
          }
        },
        "to-regex": {
          "version": "https://registry.npm.taobao.org/to-regex/download/to-regex-3.0.2.tgz",
          "bundled": true
        }
      }
    },
    "comment-patterns": {
      "version": "0.10.1",
      "resolved": "https://registry.npm.taobao.org/comment-patterns/download/comment-patterns-0.10.1.tgz",
      "dependencies": {
        "lodash": {
          "version": "https://registry.npm.taobao.org/lodash/download/lodash-4.17.15.tgz",
          "bundled": true
        }
      }
    },
    "debug": {
      "version": "2.6.9",
      "resolved": "https://registry.npm.taobao.org/debug/download/debug-2.6.9.tgz",
      "dependencies": {
        "ms": {
          "version": "https://registry.npm.taobao.org/ms/download/ms-2.0.0.tgz",
          "bundled": true
        }
      }
    },
    "decode-uri-component": {
      "version": "0.2.0",
      "resolved": "https://registry.npm.taobao.org/decode-uri-component/download/decode-uri-component-0.2.0.tgz"
    },
    "expand-brackets": {
      "version": "2.1.4",
      "resolved": "https://registry.npm.taobao.org/expand-brackets/download/expand-brackets-2.1.4.tgz",
      "requires": {
        "debug": "^2.3.3",
        "define-property": "^0.2.5",
        "extend-shallow": "^2.0.1",
        "to-regex": "^3.0.1"
      },
      "dependencies": {
        "debug": {
          "version": "https://registry.npm.taobao.org/debug/download/debug-2.6.9.tgz",
          "bundled": true
        },
        "define-property": {
          "version": "0.2.5",
          "resolved": "https://registry.npmjs.org/define-property/-/define-property-0.2.5.tgz",
          "integrity": "sha1-w1se+RjsPJkPmlvFe+BKrOxcgRY=",
          "requires": {
            "is-descriptor": "^0.1.0"
          }
        },
        "extend-shallow": {
          "version": "2.0.1",
          "resolved": "https://registry.npmjs.org/extend-shallow/-/extend-shallow-2.0.1.tgz",
          "integrity": "sha1-Ua99YUrZqfYQ6huvu5idaxxWiQ8=",
          "requires": {
            "is-extendable": "^0.1.0"
          }
        },
        "is-accessor-descriptor": {
          "version": "0.1.6",
          "resolved": "https://registry.npmjs.org/is-accessor-descriptor/-/is-accessor-descriptor-0.1.6.tgz",
          "integrity": "sha1-qeEss66Nh2cn7u84Q/igiXtcmNY=",
          "requires": {
            "kind-of": "^3.0.2"
          },
          "dependencies": {
            "kind-of": {
              "version": "3.2.2",
              "resolved": "https://registry.npmjs.org/kind-of/-/kind-of-3.2.2.tgz",
              "integrity": "sha1-MeohpzS6ubuw8yRm2JOupR5KPGQ=",
              "requires": {
                "is-buffer": "^1.1.5"
              }
            }
          }
        },
        "is-data-descriptor": {
          "version": "0.1.4",
          "resolved": "https://registry.npmjs.org/is-data-descriptor/-/is-data-descriptor-0.1.4.tgz",
          "integrity": "sha1-C17mSDiOLIYCgueT8YVv7D8wG1Y=",
          "requires": {
            "kind-of": "^3.0.2"
          },
          "dependencies": {
            "kind-of": {
              "version": "3.2.2",
              "resolved": "https://registry.npmjs.org/kind-of/-/kind-of-3.2.2.tgz",
              "integrity": "sha1-MeohpzS6ubuw8yRm2JOupR5KPGQ=",
              "requires": {
                "is-buffer": "^1.1.5"
              }
            }
          }
        },
        "is-descriptor": {
          "version": "0.1.6",
          "resolved": "https://registry.npmjs.org/is-descriptor/-/is-descriptor-0.1.6.tgz",
          "integrity": "sha512-avDYr0SB3DwO9zsMov0gKCESFYqCnE4hq/4z3TdUlukEy5t9C0YRq7HLrsN52NAcqXKaepeCD0n+B0arnVG3Hg==",
          "requires": {
            "is-accessor-descriptor": "^0.1.6",
            "is-data-descriptor": "^0.1.4",
            "kind-of": "^5.0.0"
          }
        },
        "is-extendable": {
          "version": "0.1.1",
          "resolved": "https://registry.npmjs.org/is-extendable/-/is-extendable-0.1.1.tgz",
          "integrity": "sha1-YrEQ4omkcUGOPsNqYX1HLjAd/Ik="
        },
        "kind-of": {
          "version": "5.1.0",
          "resolved": "https://registry.npmjs.org/kind-of/-/kind-of-5.1.0.tgz",
          "integrity": "sha512-NGEErnH6F2vUuXDh+OlbcKW7/wOcfdRHaZ7VWtqCztfHri/++YKmP51OdWeGPuqCOba6kk2OTe5d02VmTB80Pw=="
        },
        "posix-character-classes": {
          "version": "https://registry.npm.taobao.org/posix-character-classes/download/posix-character-classes-0.1.1.tgz",
          "bundled": true
        },
        "regex-not": {
          "version": "https://registry.npm.taobao.org/regex-not/download/regex-not-1.0.2.tgz",
          "bundled": true,
          "dependencies": {
            "extend-shallow": {
              "version": "https://registry.npm.taobao.org/extend-shallow/download/extend-shallow-3.0.2.tgz",
              "dependencies": {
                "assign-symbols": {
                  "version": "https://registry.npm.taobao.org/assign-symbols/download/assign-symbols-1.0.0.tgz"
                },
                "is-extendable": {
                  "version": "https://registry.npm.taobao.org/is-extendable/download/is-extendable-1.0.1.tgz",
                  "dependencies": {
                    "is-plain-object": {
                      "version": "https://registry.npm.taobao.org/is-plain-object/download/is-plain-object-2.0.4.tgz",
                      "dependencies": {
                        "isobject": {
                          "version": "https://registry.npm.taobao.org/isobject/download/isobject-3.0.1.tgz",
                          "bundled": true
                        }
                      }
                    }
                  }
                }
              }
            },
            "safe-regex": {
              "version": "https://registry.npm.taobao.org/safe-regex/download/safe-regex-1.1.0.tgz"
            }
          }
        },
        "snapdragon": {
          "version": "https://registry.npm.taobao.org/snapdragon/download/snapdragon-0.8.2.tgz",
          "bundled": true,
          "dependencies": {
            "base": {
              "version": "https://registry.npm.taobao.org/base/download/base-0.11.2.tgz",
              "dependencies": {
                "cache-base": {
                  "version": "https://registry.npm.taobao.org/cache-base/download/cache-base-1.0.1.tgz",
                  "bundled": true
                },
                "class-utils": {
                  "version": "https://registry.npm.taobao.org/class-utils/download/class-utils-0.3.6.tgz",
                  "bundled": true
                },
                "component-emitter": {
                  "version": "https://registry.npm.taobao.org/component-emitter/download/component-emitter-1.3.0.tgz",
                  "bundled": true
                },
                "define-property": {
                  "version": "https://registry.npm.taobao.org/define-property/download/define-property-1.0.0.tgz",
                  "bundled": true
                },
                "isobject": {
                  "version": "https://registry.npm.taobao.org/isobject/download/isobject-3.0.1.tgz",
                  "bundled": true
                },
                "mixin-deep": {
                  "version": "https://registry.npm.taobao.org/mixin-deep/download/mixin-deep-1.3.2.tgz",
                  "bundled": true
                },
                "pascalcase": {
                  "version": "https://registry.npm.taobao.org/pascalcase/download/pascalcase-0.1.1.tgz",
                  "bundled": true
                }
              }
            },
            "debug": {
              "version": "https://registry.npm.taobao.org/debug/download/debug-2.6.9.tgz",
              "dependencies": {
                "ms": {
                  "version": "https://registry.npm.taobao.org/ms/download/ms-2.0.0.tgz",
                  "bundled": true
                }
              }
            },
            "define-property": {
              "version": "https://registry.npm.taobao.org/define-property/download/define-property-0.2.5.tgz",
              "dependencies": {
                "is-descriptor": {
                  "version": "https://registry.npm.taobao.org/is-descriptor/download/is-descriptor-0.1.6.tgz"
                }
              }
            },
            "extend-shallow": {
              "version": "https://registry.npm.taobao.org/extend-shallow/download/extend-shallow-2.0.1.tgz",
              "dependencies": {
                "is-extendable": {
                  "version": "https://registry.npm.taobao.org/is-extendable/download/is-extendable-0.1.1.tgz"
                }
              }
            },
            "map-cache": {
              "version": "https://registry.npm.taobao.org/map-cache/download/map-cache-0.2.2.tgz"
            },
            "source-map": {
              "version": "https://registry.npm.taobao.org/source-map/download/source-map-0.5.7.tgz"
            },
            "source-map-resolve": {
              "version": "https://registry.npm.taobao.org/source-map-resolve/download/source-map-resolve-0.5.2.tgz"
            },
            "use": {
              "version": "https://registry.npm.taobao.org/use/download/use-3.1.1.tgz"
            }
          }
        },
        "to-regex": {
          "version": "https://registry.npm.taobao.org/to-regex/download/to-regex-3.0.2.tgz",
          "bundled": true,
          "dependencies": {
            "define-property": {
              "version": "https://registry.npm.taobao.org/define-property/download/define-property-2.0.2.tgz",
              "bundled": true
            },
            "extend-shallow": {
              "version": "https://registry.npm.taobao.org/extend-shallow/download/extend-shallow-3.0.2.tgz",
              "bundled": true,
              "dependencies": {
                "assign-symbols": {
                  "version": "https://registry.npm.taobao.org/assign-symbols/download/assign-symbols-1.0.0.tgz"
                },
                "is-extendable": {
                  "version": "https://registry.npm.taobao.org/is-extendable/download/is-extendable-1.0.1.tgz",
                  "dependencies": {}
                }
              }
            },
            "regex-not": {
              "version": "https://registry.npm.taobao.org/regex-not/download/regex-not-1.0.2.tgz",
              "bundled": true
            },
            "safe-regex": {
              "version": "https://registry.npm.taobao.org/safe-regex/download/safe-regex-1.1.0.tgz",
              "bundled": true,
              "dependencies": {
                "ret": {
                  "version": "https://registry.npm.taobao.org/ret/download/ret-0.1.15.tgz",
                  "bundled": true
                }
              }
            }
          }
        }
      }
    },
    "fragment-cache": {
      "version": "0.2.1",
      "resolved": "https://registry.npm.taobao.org/fragment-cache/download/fragment-cache-0.2.1.tgz",
      "requires": {
        "map-cache": "^0.2.2"
      },
      "dependencies": {
        "map-cache": {
          "version": "https://registry.npm.taobao.org/map-cache/download/map-cache-0.2.2.tgz",
          "bundled": true
        }
      }
    },
    "is-accessor-descriptor": {
      "version": "1.0.0",
      "resolved": "https://registry.npm.taobao.org/is-accessor-descriptor/download/is-accessor-descriptor-1.0.0.tgz",
      "requires": {
        "kind-of": "^6.0.0"
      },
      "dependencies": {
        "kind-of": {
          "version": "https://registry.npm.taobao.org/kind-of/download/kind-of-6.0.2.tgz",
          "bundled": true
        }
      }
    },
    "is-buffer": {
      "version": "1.1.6",
      "resolved": "https://registry.npm.taobao.org/is-buffer/download/is-buffer-1.1.6.tgz"
    },
    "is-data-descriptor": {
      "version": "1.0.0",
      "resolved": "https://registry.npm.taobao.org/is-data-descriptor/download/is-data-descriptor-1.0.0.tgz",
      "requires": {
        "kind-of": "^6.0.0"
      },
      "dependencies": {
        "kind-of": {
          "version": "https://registry.npm.taobao.org/kind-of/download/kind-of-6.0.2.tgz",
          "bundled": true
        }
      }
    },
    "is-descriptor": {
      "version": "1.0.2",
      "resolved": "https://registry.npm.taobao.org/is-descriptor/download/is-descriptor-1.0.2.tgz",
      "requires": {
        "is-accessor-descriptor": "^1.0.0",
        "is-data-descriptor": "^1.0.0",
        "kind-of": "^6.0.2"
      },
      "dependencies": {
        "is-accessor-descriptor": {
          "version": "https://registry.npm.taobao.org/is-accessor-descriptor/download/is-accessor-descriptor-1.0.0.tgz",
          "bundled": true
        },
        "is-data-descriptor": {
          "version": "https://registry.npm.taobao.org/is-data-descriptor/download/is-data-descriptor-1.0.0.tgz",
          "bundled": true
        },
        "kind-of": {
          "version": "https://registry.npm.taobao.org/kind-of/download/kind-of-6.0.2.tgz",
          "bundled": true
        }
      }
    },
    "is-extendable": {
      "version": "1.0.1",
      "resolved": "https://registry.npm.taobao.org/is-extendable/download/is-extendable-1.0.1.tgz",
      "requires": {
        "is-plain-object": "^2.0.4"
      }
    },
    "is-plain-object": {
      "version": "2.0.4",
      "resolved": "https://registry.npm.taobao.org/is-plain-object/download/is-plain-object-2.0.4.tgz",
      "requires": {
        "isobject": "^3.0.1"
      },
      "dependencies": {
        "isobject": {
          "version": "https://registry.npm.taobao.org/isobject/download/isobject-3.0.1.tgz",
          "bundled": true
        }
      }
    },
    "is-windows": {
      "version": "1.0.2",
      "resolved": "https://registry.npm.taobao.org/is-windows/download/is-windows-1.0.2.tgz"
    },
    "isobject": {
      "version": "3.0.1",
      "resolved": "https://registry.npm.taobao.org/isobject/download/isobject-3.0.1.tgz"
    },
    "kind-of": {
      "version": "6.0.2",
      "resolved": "https://registry.npm.taobao.org/kind-of/download/kind-of-6.0.2.tgz"
    },
    "lib-manager": {
      "version": "0.0.7",
      "resolved": "https://registry.npm.taobao.org/lib-manager/download/lib-manager-0.0.7.tgz",
      "dev": true,
      "dependencies": {
        "recursive-readdir": {
          "version": "https://registry.npm.taobao.org/recursive-readdir/download/recursive-readdir-2.2.2.tgz",
          "bundled": true,
          "dependencies": {
            "minimatch": {
              "version": "https://registry.npm.taobao.org/minimatch/download/minimatch-3.0.4.tgz?cache=0&other_urls=https%3A%2F%2Fregistry.npm.taobao.org%2Fminimatch%2Fdownload%2Fminimatch-3.0.4.tgz",
              "bundled": true,
              "dependencies": {
                "brace-expansion": {
                  "version": "https://registry.npm.taobao.org/brace-expansion/download/brace-expansion-1.1.11.tgz"
                }
              }
            }
          }
        },
        "shelljs": {
          "version": "https://registry.npm.taobao.org/shelljs/download/shelljs-0.7.8.tgz",
          "bundled": true
        }
      }
    },
    "map-cache": {
      "version": "0.2.2",
      "resolved": "https://registry.npm.taobao.org/map-cache/download/map-cache-0.2.2.tgz"
    },
    "micromatch": {
      "version": "3.1.10",
      "resolved": "https://registry.npmjs.org/micromatch/-/micromatch-3.1.10.tgz",
      "integrity": "sha512-MWikgl9n9M3w+bpsY3He8L+w9eF9338xRl8IAO5viDizwSzziFEyUzo2xrrloB64ADbTf8uA8vRqqttDTOmccg==",
      "requires": {
        "arr-diff": "^4.0.0",
        "array-unique": "^0.3.2",
        "braces": "^2.3.1",
        "define-property": "^2.0.2",
        "extend-shallow": "^3.0.2",
        "extglob": "^2.0.4",
        "fragment-cache": "^0.2.1",
        "kind-of": "^6.0.2",
        "nanomatch": "^1.2.9",
        "object.pick": "^1.3.0",
        "regex-not": "^1.0.0",
        "snapdragon": "^0.8.1",
        "to-regex": "^3.0.2"
      },
      "dependencies": {
        "array-unique": {
          "version": "0.3.2",
          "resolved": "https://registry.npmjs.org/array-unique/-/array-unique-0.3.2.tgz",
          "integrity": "sha1-qJS3XUvE9s1nnvMkSp/Y9Gri1Cg="
        },
        "define-property": {
          "version": "2.0.2",
          "resolved": "https://registry.npmjs.org/define-property/-/define-property-2.0.2.tgz",
          "integrity": "sha512-jwK2UV4cnPpbcG7+VRARKTZPUWowwXA8bzH5NP6ud0oeAxyYPuGZUAC7hMugpCdz4BeSZl2Dl9k66CHJ/46ZYQ==",
          "requires": {
            "is-descriptor": "^1.0.2",
            "isobject": "^3.0.1"
          }
        },
        "extend-shallow": {
          "version": "3.0.2",
          "resolved": "https://registry.npmjs.org/extend-shallow/-/extend-shallow-3.0.2.tgz",
          "integrity": "sha1-Jqcarwc7OfshJxcnRhMcJwQCjbg=",
          "requires": {
            "assign-symbols": "^1.0.0",
            "is-extendable": "^1.0.1"
          }
        },
        "extglob": {
          "version": "2.0.4",
          "resolved": "https://registry.npmjs.org/extglob/-/extglob-2.0.4.tgz",
          "integrity": "sha512-Nmb6QXkELsuBr24CJSkilo6UHHgbekK5UiZgfE6UHD3Eb27YC6oD+bhcT+tJ6cl8dmsgdQxnWlcry8ksBIBLpw==",
          "requires": {
            "array-unique": "^0.3.2",
            "define-property": "^1.0.0",
            "expand-brackets": "^2.1.4",
            "extend-shallow": "^2.0.1",
            "fragment-cache": "^0.2.1",
            "regex-not": "^1.0.0",
            "snapdragon": "^0.8.1",
            "to-regex": "^3.0.1"
          },
          "dependencies": {
            "define-property": {
              "version": "1.0.0",
              "resolved": "https://registry.npmjs.org/define-property/-/define-property-1.0.0.tgz",
              "integrity": "sha1-dp66rz9KY6rTr56NMEybvnm/sOY=",
              "requires": {
                "is-descriptor": "^1.0.0"
              }
            },
            "extend-shallow": {
              "version": "2.0.1",
              "resolved": "https://registry.npmjs.org/extend-shallow/-/extend-shallow-2.0.1.tgz",
              "integrity": "sha1-Ua99YUrZqfYQ6huvu5idaxxWiQ8=",
              "requires": {
                "is-extendable": "^0.1.0"
              }
            },
            "is-extendable": {
              "version": "0.1.1",
              "resolved": "https://registry.npmjs.org/is-extendable/-/is-extendable-0.1.1.tgz",
              "integrity": "sha1-YrEQ4omkcUGOPsNqYX1HLjAd/Ik="
            }
          }
        },
        "is-accessor-descriptor": {
          "version": "0.1.6",
          "resolved": "https://registry.npmjs.org/is-accessor-descriptor/-/is-accessor-descriptor-0.1.6.tgz",
          "integrity": "sha1-qeEss66Nh2cn7u84Q/igiXtcmNY=",
          "requires": {
            "kind-of": "^3.0.2"
          },
          "dependencies": {
            "kind-of": {
              "version": "3.2.2",
              "resolved": "https://registry.npmjs.org/kind-of/-/kind-of-3.2.2.tgz",
              "integrity": "sha1-MeohpzS6ubuw8yRm2JOupR5KPGQ=",
              "requires": {
                "is-buffer": "^1.1.5"
              }
            }
          }
        },
        "is-data-descriptor": {
          "version": "0.1.4",
          "resolved": "https://registry.npmjs.org/is-data-descriptor/-/is-data-descriptor-0.1.4.tgz",
          "integrity": "sha1-C17mSDiOLIYCgueT8YVv7D8wG1Y=",
          "requires": {
            "kind-of": "^3.0.2"
          },
          "dependencies": {
            "kind-of": {
              "version": "3.2.2",
              "resolved": "https://registry.npmjs.org/kind-of/-/kind-of-3.2.2.tgz",
              "integrity": "sha1-MeohpzS6ubuw8yRm2JOupR5KPGQ=",
              "requires": {
                "is-buffer": "^1.1.5"
              }
            }
          }
        },
        "nanomatch": {
          "version": "1.2.13",
          "resolved": "https://registry.npmjs.org/nanomatch/-/nanomatch-1.2.13.tgz",
          "integrity": "sha512-fpoe2T0RbHwBTBUOftAfBPaDEi06ufaUai0mE6Yn1kacc3SnTErfb/h+X94VXzI64rKFHYImXSvdwGGCmwOqCA==",
          "requires": {
            "arr-diff": "^4.0.0",
            "array-unique": "^0.3.2",
            "define-property": "^2.0.2",
            "extend-shallow": "^3.0.2",
            "fragment-cache": "^0.2.1",
            "is-windows": "^1.0.2",
            "kind-of": "^6.0.2",
            "object.pick": "^1.3.0",
            "regex-not": "^1.0.0",
            "snapdragon": "^0.8.1",
            "to-regex": "^3.0.1"
          }
        },
        "regex-not": {
          "version": "1.0.2",
          "resolved": "https://registry.npmjs.org/regex-not/-/regex-not-1.0.2.tgz",
          "integrity": "sha512-J6SDjUgDxQj5NusnOtdFxDwN/+HWykR8GELwctJ7mdqhcyy1xEc4SRFHUXvxTp661YaVKAjfRLZ9cCqS6tn32A==",
          "requires": {
            "extend-shallow": "^3.0.2",
            "safe-regex": "^1.1.0"
          }
        },
        "snapdragon": {
          "version": "0.8.2",
          "resolved": "https://registry.npmjs.org/snapdragon/-/snapdragon-0.8.2.tgz",
          "integrity": "sha512-FtyOnWN/wCHTVXOMwvSv26d+ko5vWlIDD6zoUJ7LW8vh+ZBC8QdljveRP+crNrtBwioEUWy/4dMtbBjA4ioNlg==",
          "requires": {
            "base": "^0.11.1",
            "debug": "^2.2.0",
            "define-property": "^0.2.5",
            "extend-shallow": "^2.0.1",
            "map-cache": "^0.2.2",
            "source-map": "^0.5.6",
            "source-map-resolve": "^0.5.0",
            "use": "^3.1.0"
          },
          "dependencies": {
            "define-property": {
              "version": "0.2.5",
              "resolved": "https://registry.npmjs.org/define-property/-/define-property-0.2.5.tgz",
              "integrity": "sha1-w1se+RjsPJkPmlvFe+BKrOxcgRY=",
              "requires": {
                "is-descriptor": "^0.1.0"
              }
            },
            "extend-shallow": {
              "version": "2.0.1",
              "resolved": "https://registry.npmjs.org/extend-shallow/-/extend-shallow-2.0.1.tgz",
              "integrity": "sha1-Ua99YUrZqfYQ6huvu5idaxxWiQ8=",
              "requires": {
                "is-extendable": "^0.1.0"
              }
            },
            "is-descriptor": {
              "version": "0.1.6",
              "resolved": "https://registry.npmjs.org/is-descriptor/-/is-descriptor-0.1.6.tgz",
              "integrity": "sha512-avDYr0SB3DwO9zsMov0gKCESFYqCnE4hq/4z3TdUlukEy5t9C0YRq7HLrsN52NAcqXKaepeCD0n+B0arnVG3Hg==",
              "requires": {
                "is-accessor-descriptor": "^0.1.6",
                "is-data-descriptor": "^0.1.4",
                "kind-of": "^5.0.0"
              }
            },
            "is-extendable": {
              "version": "0.1.1",
              "resolved": "https://registry.npmjs.org/is-extendable/-/is-extendable-0.1.1.tgz",
              "integrity": "sha1-YrEQ4omkcUGOPsNqYX1HLjAd/Ik="
            },
            "kind-of": {
              "version": "5.1.0",
              "resolved": "https://registry.npmjs.org/kind-of/-/kind-of-5.1.0.tgz",
              "integrity": "sha512-NGEErnH6F2vUuXDh+OlbcKW7/wOcfdRHaZ7VWtqCztfHri/++YKmP51OdWeGPuqCOba6kk2OTe5d02VmTB80Pw=="
            }
          }
        },
        "source-map": {
          "version": "0.5.7",
          "resolved": "https://registry.npmjs.org/source-map/-/source-map-0.5.7.tgz",
          "integrity": "sha1-igOdLRAh0i0eoUyA2OpGi6LvP8w="
        }
      }
    },
    "node-qunit": {
      "version": "1.0.0",
      "resolved": "https://registry.npm.taobao.org/node-qunit/download/node-qunit-1.0.0.tgz",
      "dev": true,
      "dependencies": {
        "argsparser": {
          "version": "https://registry.npm.taobao.org/argsparser/download/argsparser-0.0.7.tgz",
          "bundled": true
        },
        "cli-table": {
          "version": "https://registry.npm.taobao.org/cli-table/download/cli-table-0.3.1.tgz",
          "bundled": true
        },
        "co": {
          "version": "https://registry.npm.taobao.org/co/download/co-4.6.0.tgz",
          "bundled": true
        },
        "istanbul": {
          "version": "https://registry.npm.taobao.org/istanbul/download/istanbul-0.4.5.tgz",
          "bundled": true,
          "dependencies": {
            "abbrev": {
              "version": "https://registry.npm.taobao.org/abbrev/download/abbrev-1.0.9.tgz",
              "bundled": true
            },
            "async": {
              "version": "https://registry.npm.taobao.org/async/download/async-1.5.2.tgz",
              "bundled": true
            },
            "escodegen": {
              "version": "https://registry.npm.taobao.org/escodegen/download/escodegen-1.8.1.tgz",
              "bundled": true
            },
            "esprima": {
              "version": "https://registry.npm.taobao.org/esprima/download/esprima-2.7.3.tgz",
              "bundled": true
            },
            "glob": {
              "version": "https://registry.npm.taobao.org/glob/download/glob-5.0.15.tgz",
              "bundled": true
            },
            "handlebars": {
              "version": "https://registry.npm.taobao.org/handlebars/download/handlebars-4.1.2.tgz",
              "bundled": true
            },
            "js-yaml": {
              "version": "https://registry.npm.taobao.org/js-yaml/download/js-yaml-3.13.1.tgz",
              "bundled": true
            },
            "mkdirp": {
              "version": "https://registry.npm.taobao.org/mkdirp/download/mkdirp-0.5.1.tgz",
              "bundled": true
            },
            "nopt": {
              "version": "https://registry.npm.taobao.org/nopt/download/nopt-3.0.6.tgz",
              "bundled": true
            },
            "once": {
              "version": "https://registry.npm.taobao.org/once/download/once-1.4.0.tgz",
              "bundled": true,
              "dependencies": {
                "wrappy": {
                  "version": "https://registry.npm.taobao.org/wrappy/download/wrappy-1.0.2.tgz",
                  "bundled": true
                }
              }
            },
            "resolve": {
              "version": "https://registry.npm.taobao.org/resolve/download/resolve-1.1.7.tgz?cache=0&sync_timestamp=1561173441049&other_urls=https%3A%2F%2Fregistry.npm.taobao.org%2Fresolve%2Fdownload%2Fresolve-1.1.7.tgz",
              "bundled": true
            },
            "supports-color": {
              "version": "https://registry.npm.taobao.org/supports-color/download/supports-color-3.2.3.tgz",
              "bundled": true
            },
            "which": {
              "version": "https://registry.npm.taobao.org/which/download/which-1.3.1.tgz",
              "bundled": true
            },
            "wordwrap": {
              "version": "https://registry.npm.taobao.org/wordwrap/download/wordwrap-1.0.0.tgz",
              "bundled": true
            }
          }
        },
        "qunitjs": {
          "version": "https://registry.npm.taobao.org/qunitjs/download/qunitjs-2.1.1.tgz",
          "bundled": true
        },
        "tracejs": {
          "version": "https://registry.npm.taobao.org/tracejs/download/tracejs-0.1.8.tgz",
          "bundled": true
        },
        "underscore": {
          "version": "https://registry.npm.taobao.org/underscore/download/underscore-1.9.1.tgz",
          "bundled": true
        }
      }
    },
    "object.pick": {
      "version": "1.3.0",
      "resolved": "https://registry.npm.taobao.org/object.pick/download/object.pick-1.3.0.tgz",
      "requires": {
        "isobject": "^3.0.1"
      },
      "dependencies": {
        "isobject": {
          "version": "https://registry.npm.taobao.org/isobject/download/isobject-3.0.1.tgz",
          "bundled": true
        }
      }
    },
    "octicons": {
      "version": "8.5.0",
      "resolved": "https://registry.npm.taobao.org/octicons/download/octicons-8.5.0.tgz",
      "dependencies": {
        "object-assign": {
          "version": "https://registry.npm.taobao.org/object-assign/download/object-assign-4.1.1.tgz",
          "bundled": true
        }
      }
    },
    "qunit": {
      "version": "2.9.2",
      "resolved": "https://registry.npm.taobao.org/qunit/download/qunit-2.9.2.tgz",
      "dev": true,
      "dependencies": {
        "commander": {
          "version": "https://registry.npm.taobao.org/commander/download/commander-2.12.2.tgz",
          "bundled": true
        },
        "js-reporters": {
          "version": "https://registry.npm.taobao.org/js-reporters/download/js-reporters-1.2.1.tgz",
          "bundled": true
        },
        "minimatch": {
          "version": "https://registry.npm.taobao.org/minimatch/download/minimatch-3.0.4.tgz?cache=0&other_urls=https%3A%2F%2Fregistry.npm.taobao.org%2Fminimatch%2Fdownload%2Fminimatch-3.0.4.tgz",
          "bundled": true,
          "dependencies": {
            "brace-expansion": {
              "version": "https://registry.npm.taobao.org/brace-expansion/download/brace-expansion-1.1.11.tgz"
            }
          }
        },
        "node-watch": {
          "version": "https://registry.npm.taobao.org/node-watch/download/node-watch-0.6.0.tgz",
          "bundled": true
        },
        "resolve": {
          "version": "https://registry.npm.taobao.org/resolve/download/resolve-1.9.0.tgz?cache=0&sync_timestamp=1561173441049&other_urls=https%3A%2F%2Fregistry.npm.taobao.org%2Fresolve%2Fdownload%2Fresolve-1.9.0.tgz",
          "bundled": true
        }
      }
    },
    "resolve-url": {
      "version": "0.2.1",
      "resolved": "https://registry.npm.taobao.org/resolve-url/download/resolve-url-0.2.1.tgz"
    },
    "ret": {
      "version": "0.1.15",
      "resolved": "https://registry.npm.taobao.org/ret/download/ret-0.1.15.tgz"
    },
    "safe-regex": {
      "version": "1.1.0",
      "resolved": "https://registry.npm.taobao.org/safe-regex/download/safe-regex-1.1.0.tgz",
      "requires": {
        "ret": "~0.1.10"
      },
      "dependencies": {
        "ret": {
          "version": "https://registry.npm.taobao.org/ret/download/ret-0.1.15.tgz",
          "bundled": true
        }
      }
    },
    "source-map-resolve": {
      "version": "0.5.2",
      "resolved": "https://registry.npm.taobao.org/source-map-resolve/download/source-map-resolve-0.5.2.tgz",
      "requires": {
        "atob": "^2.1.1",
        "decode-uri-component": "^0.2.0",
        "resolve-url": "^0.2.1",
        "source-map-url": "^0.4.0",
        "urix": "^0.1.0"
      },
      "dependencies": {
        "atob": {
          "version": "https://registry.npm.taobao.org/atob/download/atob-2.1.2.tgz"
        },
        "decode-uri-component": {
          "version": "https://registry.npm.taobao.org/decode-uri-component/download/decode-uri-component-0.2.0.tgz"
        },
        "resolve-url": {
          "version": "https://registry.npm.taobao.org/resolve-url/download/resolve-url-0.2.1.tgz"
        },
        "source-map-url": {
          "version": "https://registry.npm.taobao.org/source-map-url/download/source-map-url-0.4.0.tgz"
        },
        "urix": {
          "version": "https://registry.npm.taobao.org/urix/download/urix-0.1.0.tgz"
        }
      }
    },
    "source-map-url": {
      "version": "0.4.0",
      "resolved": "https://registry.npm.taobao.org/source-map-url/download/source-map-url-0.4.0.tgz"
    },
    "to-regex": {
      "version": "3.0.2",
      "resolved": "https://registry.npm.taobao.org/to-regex/download/to-regex-3.0.2.tgz",
      "requires": {
        "safe-regex": "^1.1.0"
      },
      "dependencies": {
        "define-property": {
          "version": "https://registry.npm.taobao.org/define-property/download/define-property-2.0.2.tgz",
          "bundled": true
        },
        "extend-shallow": {
          "version": "https://registry.npm.taobao.org/extend-shallow/download/extend-shallow-3.0.2.tgz",
          "bundled": true,
          "dependencies": {}
        },
        "regex-not": {
          "version": "https://registry.npm.taobao.org/regex-not/download/regex-not-1.0.2.tgz",
          "bundled": true
        },
        "safe-regex": {
          "version": "https://registry.npm.taobao.org/safe-regex/download/safe-regex-1.1.0.tgz",
          "bundled": true,
          "dependencies": {}
        }
      }
    },
    "treeify": {
      "version": "1.1.0",
      "resolved": "https://registry.npmjs.org/treeify/-/treeify-1.1.0.tgz",
      "integrity": "sha512-1m4RA7xVAJrSGrrXGs0L3YTwyvBs2S8PbRHaLZAkFw7JR8oIFwYtysxlBZhYIa7xSyiYJKZ3iGrrk55cGA3i9A=="
    },
    "urix": {
      "version": "0.1.0",
      "resolved": "https://registry.npm.taobao.org/urix/download/urix-0.1.0.tgz"
    },
    "use": {
      "version": "3.1.1",
      "resolved": "https://registry.npm.taobao.org/use/download/use-3.1.1.tgz"
    }
  }
}
